
Microsoft Visual Studio Solution File, Format Version 11.00
# Visual Studio 2010
Project("{FAE04EC0-301F-11D3-BF4B-00C04F79EFBC}") = "Assembly-CSharp", "Assembly-CSharp.csproj", "{4722E278-2A3C-4914-4776-8BCFAD1BDC0C}"
EndProject
Project("{FAE04EC0-301F-11D3-BF4B-00C04F79EFBC}") = "Assembly-CSharp-Editor", "Assembly-CSharp-Editor.csproj", "{9150882F-CF1E-5931-583F-2D7434B2F58D}"
EndProject
Global
	GlobalSection(SolutionConfigurationPlatforms) = preSolution
		Debug|Any CPU = Debug|Any CPU
		Release|Any CPU = Release|Any CPU
	EndGlobalSection
	GlobalSection(ProjectConfigurationPlatforms) = postSolution
		{4722E278-2A3C-4914-4776-8BCFAD1BDC0C}.Debug|Any CPU.ActiveCfg = Debug|Any CPU
		{4722E278-2A3C-4914-4776-8BCFAD1BDC0C}.Debug|Any CPU.Build.0 = Debug|Any CPU
		{4722E278-2A3C-4914-4776-8BCFAD1BDC0C}.Release|Any CPU.ActiveCfg = Release|Any CPU
		{4722E278-2A3C-4914-4776-8BCFAD1BDC0C}.Release|Any CPU.Build.0 = Release|Any CPU
		{9150882F-CF1E-5931-583F-2D7434B2F58D}.Debug|Any CPU.ActiveCfg = Debug|Any CPU
		{9150882F-CF1E-5931-583F-2D7434B2F58D}.Debug|Any CPU.Build.0 = Debug|Any CPU
		{9150882F-CF1E-5931-583F-2D7434B2F58D}.Release|Any CPU.ActiveCfg = Release|Any CPU
		{9150882F-CF1E-5931-583F-2D7434B2F58D}.Release|Any CPU.Build.0 = Release|Any CPU
	EndGlobalSection
	GlobalSection(SolutionProperties) = preSolution
		HideSolutionNode = FALSE
	EndGlobalSection
EndGlobal
